// !$*UTF8*$!
{
	archiveVersion = 1;
	classes = {
	};
	objectVersion = 55;
	objects = {

/* Begin PBXBuildFile section */
		150DE6DC282E31F5005406DE /* expensesButton.swift in Sources */ = {isa = PBXBuildFile; fileRef = 150DE6DB282E31F5005406DE /* expensesButton.swift */; };
		151B13302825022500335D6E /* IconData.swift in Sources */ = {isa = PBXBuildFile; fileRef = 151B132F2825022500335D6E /* IconData.swift */; };
		151B13322825029100335D6E /* VolumeData.swift in Sources */ = {isa = PBXBuildFile; fileRef = 151B13312825029100335D6E /* VolumeData.swift */; };
		151B133428276C4900335D6E /* imageView.swift in Sources */ = {isa = PBXBuildFile; fileRef = 151B133328276C4900335D6E /* imageView.swift */; };
		151B13362827759D00335D6E /* IconCollectionViewCell.swift in Sources */ = {isa = PBXBuildFile; fileRef = 151B13352827759D00335D6E /* IconCollectionViewCell.swift */; };
		1526DE35280A820B00F21BC1 /* SubscriptionsViewController.swift in Sources */ = {isa = PBXBuildFile; fileRef = 1526DE34280A820B00F21BC1 /* SubscriptionsViewController.swift */; };
		153E6776280A763A005C5081 /* customSubscriptionTableViewCell.swift in Sources */ = {isa = PBXBuildFile; fileRef = 153E6775280A763A005C5081 /* customSubscriptionTableViewCell.swift */; };
		15A71D4E280BF977008E4A19 /* FirebaseController.swift in Sources */ = {isa = PBXBuildFile; fileRef = 15A71D4D280BF977008E4A19 /* FirebaseController.swift */; };
		15A71D50281B986F008E4A19 /* User.swift in Sources */ = {isa = PBXBuildFile; fileRef = 15A71D4F281B986F008E4A19 /* User.swift */; };
		15B4D0912823B4070013D1B7 /* MulticastDelegate.swift in Sources */ = {isa = PBXBuildFile; fileRef = 15B4D0902823B4070013D1B7 /* MulticastDelegate.swift */; };
		15B4D0932823B4AA0013D1B7 /* DatabaseProtocol.swift in Sources */ = {isa = PBXBuildFile; fileRef = 15B4D0922823B4AA0013D1B7 /* DatabaseProtocol.swift */; };
		15B4D0952824A1520013D1B7 /* AddSubscriptionViewController.swift in Sources */ = {isa = PBXBuildFile; fileRef = 15B4D0942824A1520013D1B7 /* AddSubscriptionViewController.swift */; };
		15B4D0972824A1CB0013D1B7 /* UIViewControllerDisplayMessage.swift in Sources */ = {isa = PBXBuildFile; fileRef = 15B4D0962824A1CB0013D1B7 /* UIViewControllerDisplayMessage.swift */; };
		15B4D0992824B4BE0013D1B7 /* IconAPIViewController.swift in Sources */ = {isa = PBXBuildFile; fileRef = 15B4D0982824B4BE0013D1B7 /* IconAPIViewController.swift */; };
		15B4D09B2824CB140013D1B7 /* DetailSubscriptionViewController.swift in Sources */ = {isa = PBXBuildFile; fileRef = 15B4D09A2824CB140013D1B7 /* DetailSubscriptionViewController.swift */; };
		15BD65EF280BE818008998A1 /* GoogleService-Info.plist in Resources */ = {isa = PBXBuildFile; fileRef = 15BD65EE280BE817008998A1 /* GoogleService-Info.plist */; };
		15DD4501280A70090048F21A /* AppDelegate.swift in Sources */ = {isa = PBXBuildFile; fileRef = 15DD4500280A70090048F21A /* AppDelegate.swift */; };
		15DD4503280A70090048F21A /* SceneDelegate.swift in Sources */ = {isa = PBXBuildFile; fileRef = 15DD4502280A70090048F21A /* SceneDelegate.swift */; };
		15DD4508280A70090048F21A /* Main.storyboard in Resources */ = {isa = PBXBuildFile; fileRef = 15DD4506280A70090048F21A /* Main.storyboard */; };
		15DD450B280A70090048F21A /* Submarine.xcdatamodeld in Sources */ = {isa = PBXBuildFile; fileRef = 15DD4509280A70090048F21A /* Submarine.xcdatamodeld */; };
		15DD450D280A70100048F21A /* Assets.xcassets in Resources */ = {isa = PBXBuildFile; fileRef = 15DD450C280A70100048F21A /* Assets.xcassets */; };
		15DD4510280A70100048F21A /* LaunchScreen.storyboard in Resources */ = {isa = PBXBuildFile; fileRef = 15DD450E280A70100048F21A /* LaunchScreen.storyboard */; };
		15E2F28C280AB8EE006A4AB9 /* Subscription.swift in Sources */ = {isa = PBXBuildFile; fileRef = 15E2F28B280AB8EE006A4AB9 /* Subscription.swift */; };
		15E2F295280B9EB4006A4AB9 /* LoginViewController.swift in Sources */ = {isa = PBXBuildFile; fileRef = 15E2F294280B9EB4006A4AB9 /* LoginViewController.swift */; };
		15EEC666280AAF4A00C3464D /* FirebaseAuth in Frameworks */ = {isa = PBXBuildFile; productRef = 15EEC665280AAF4A00C3464D /* FirebaseAuth */; };
		15EEC668280AAF4B00C3464D /* FirebaseFirestore in Frameworks */ = {isa = PBXBuildFile; productRef = 15EEC667280AAF4B00C3464D /* FirebaseFirestore */; };
		15EEC66A280AAF4B00C3464D /* FirebaseFirestoreSwift in Frameworks */ = {isa = PBXBuildFile; productRef = 15EEC669280AAF4B00C3464D /* FirebaseFirestoreSwift */; };
/* End PBXBuildFile section */

/* Begin PBXFileReference section */
		150DE6DB282E31F5005406DE /* expensesButton.swift */ = {isa = PBXFileReference; lastKnownFileType = sourcecode.swift; path = expensesButton.swift; sourceTree = "<group>"; };
		151B132F2825022500335D6E /* IconData.swift */ = {isa = PBXFileReference; lastKnownFileType = sourcecode.swift; path = IconData.swift; sourceTree = "<group>"; };
		151B13312825029100335D6E /* VolumeData.swift */ = {isa = PBXFileReference; lastKnownFileType = sourcecode.swift; path = VolumeData.swift; sourceTree = "<group>"; };
		151B133328276C4900335D6E /* imageView.swift */ = {isa = PBXFileReference; lastKnownFileType = sourcecode.swift; path = imageView.swift; sourceTree = "<group>"; };
		151B13352827759D00335D6E /* IconCollectionViewCell.swift */ = {isa = PBXFileReference; lastKnownFileType = sourcecode.swift; path = IconCollectionViewCell.swift; sourceTree = "<group>"; };
		1526DE34280A820B00F21BC1 /* SubscriptionsViewController.swift */ = {isa = PBXFileReference; lastKnownFileType = sourcecode.swift; path = SubscriptionsViewController.swift; sourceTree = "<group>"; };
		153E6775280A763A005C5081 /* customSubscriptionTableViewCell.swift */ = {isa = PBXFileReference; lastKnownFileType = sourcecode.swift; path = customSubscriptionTableViewCell.swift; sourceTree = "<group>"; };
		15A71D4D280BF977008E4A19 /* FirebaseController.swift */ = {isa = PBXFileReference; lastKnownFileType = sourcecode.swift; path = FirebaseController.swift; sourceTree = "<group>"; };
		15A71D4F281B986F008E4A19 /* User.swift */ = {isa = PBXFileReference; lastKnownFileType = sourcecode.swift; path = User.swift; sourceTree = "<group>"; };
		15B4D0902823B4070013D1B7 /* MulticastDelegate.swift */ = {isa = PBXFileReference; lastKnownFileType = sourcecode.swift; path = MulticastDelegate.swift; sourceTree = "<group>"; };
		15B4D0922823B4AA0013D1B7 /* DatabaseProtocol.swift */ = {isa = PBXFileReference; lastKnownFileType = sourcecode.swift; path = DatabaseProtocol.swift; sourceTree = "<group>"; };
		15B4D0942824A1520013D1B7 /* AddSubscriptionViewController.swift */ = {isa = PBXFileReference; lastKnownFileType = sourcecode.swift; path = AddSubscriptionViewController.swift; sourceTree = "<group>"; };
		15B4D0962824A1CB0013D1B7 /* UIViewControllerDisplayMessage.swift */ = {isa = PBXFileReference; lastKnownFileType = sourcecode.swift; name = UIViewControllerDisplayMessage.swift; path = ViewControllers/UIViewControllerDisplayMessage.swift; sourceTree = "<group>"; };
		15B4D0982824B4BE0013D1B7 /* IconAPIViewController.swift */ = {isa = PBXFileReference; lastKnownFileType = sourcecode.swift; path = IconAPIViewController.swift; sourceTree = "<group>"; };
		15B4D09A2824CB140013D1B7 /* DetailSubscriptionViewController.swift */ = {isa = PBXFileReference; lastKnownFileType = sourcecode.swift; path = DetailSubscriptionViewController.swift; sourceTree = "<group>"; };
		15BD65EE280BE817008998A1 /* GoogleService-Info.plist */ = {isa = PBXFileReference; fileEncoding = 4; lastKnownFileType = text.plist.xml; path = "GoogleService-Info.plist"; sourceTree = "<group>"; };
		15DD44FD280A70090048F21A /* Submarine.app */ = {isa = PBXFileReference; explicitFileType = wrapper.application; includeInIndex = 0; path = Submarine.app; sourceTree = BUILT_PRODUCTS_DIR; };
		15DD4500280A70090048F21A /* AppDelegate.swift */ = {isa = PBXFileReference; lastKnownFileType = sourcecode.swift; path = AppDelegate.swift; sourceTree = "<group>"; };
		15DD4502280A70090048F21A /* SceneDelegate.swift */ = {isa = PBXFileReference; lastKnownFileType = sourcecode.swift; path = SceneDelegate.swift; sourceTree = "<group>"; };
		15DD4507280A70090048F21A /* Base */ = {isa = PBXFileReference; lastKnownFileType = file.storyboard; name = Base; path = Base.lproj/Main.storyboard; sourceTree = "<group>"; };
		15DD450A280A70090048F21A /* Submarine.xcdatamodel */ = {isa = PBXFileReference; lastKnownFileType = wrapper.xcdatamodel; path = Submarine.xcdatamodel; sourceTree = "<group>"; };
		15DD450C280A70100048F21A /* Assets.xcassets */ = {isa = PBXFileReference; lastKnownFileType = folder.assetcatalog; path = Assets.xcassets; sourceTree = "<group>"; };
		15DD450F280A70100048F21A /* Base */ = {isa = PBXFileReference; lastKnownFileType = file.storyboard; name = Base; path = Base.lproj/LaunchScreen.storyboard; sourceTree = "<group>"; };
		15DD4511280A70100048F21A /* Info.plist */ = {isa = PBXFileReference; lastKnownFileType = text.plist.xml; path = Info.plist; sourceTree = "<group>"; };
		15E2F28B280AB8EE006A4AB9 /* Subscription.swift */ = {isa = PBXFileReference; lastKnownFileType = sourcecode.swift; path = Subscription.swift; sourceTree = "<group>"; };
		15E2F294280B9EB4006A4AB9 /* LoginViewController.swift */ = {isa = PBXFileReference; lastKnownFileType = sourcecode.swift; path = LoginViewController.swift; sourceTree = "<group>"; };
/* End PBXFileReference section */

/* Begin PBXFrameworksBuildPhase section */
		15DD44FA280A70090048F21A /* Frameworks */ = {
			isa = PBXFrameworksBuildPhase;
			buildActionMask = 2147483647;
			files = (
				15EEC666280AAF4A00C3464D /* FirebaseAuth in Frameworks */,
				15EEC668280AAF4B00C3464D /* FirebaseFirestore in Frameworks */,
				15EEC66A280AAF4B00C3464D /* FirebaseFirestoreSwift in Frameworks */,
			);
			runOnlyForDeploymentPostprocessing = 0;
		};
/* End PBXFrameworksBuildPhase section */

/* Begin PBXGroup section */
		155F95CF281D187900DC4E7E /* App and Scene Delegate */ = {
			isa = PBXGroup;
			children = (
				15DD4500280A70090048F21A /* AppDelegate.swift */,
				15DD4502280A70090048F21A /* SceneDelegate.swift */,
			);
			path = "App and Scene Delegate";
			sourceTree = "<group>";
		};
		155F95D0281D18A100DC4E7E /* StoryBoards */ = {
			isa = PBXGroup;
			children = (
				15DD4506280A70090048F21A /* Main.storyboard */,
				15DD450E280A70100048F21A /* LaunchScreen.storyboard */,
			);
			path = StoryBoards;
			sourceTree = "<group>";
		};
		155F95D1281D18CF00DC4E7E /* Classes */ = {
			isa = PBXGroup;
			children = (
				15A71D4F281B986F008E4A19 /* User.swift */,
				15E2F28B280AB8EE006A4AB9 /* Subscription.swift */,
				151B132F2825022500335D6E /* IconData.swift */,
				151B13312825029100335D6E /* VolumeData.swift */,
			);
			path = Classes;
			sourceTree = "<group>";
		};
		155F95D2281D18E900DC4E7E /* ViewControllers */ = {
			isa = PBXGroup;
			children = (
				153E6775280A763A005C5081 /* customSubscriptionTableViewCell.swift */,
				15E2F294280B9EB4006A4AB9 /* LoginViewController.swift */,
				1526DE34280A820B00F21BC1 /* SubscriptionsViewController.swift */,
				15B4D0942824A1520013D1B7 /* AddSubscriptionViewController.swift */,
				15B4D0982824B4BE0013D1B7 /* IconAPIViewController.swift */,
				15B4D09A2824CB140013D1B7 /* DetailSubscriptionViewController.swift */,
				151B13352827759D00335D6E /* IconCollectionViewCell.swift */,
			);
			path = ViewControllers;
			sourceTree = "<group>";
		};
		15A71D4C280BF961008E4A19 /* Firebase */ = {
			isa = PBXGroup;
			children = (
				15DD4509280A70090048F21A /* Submarine.xcdatamodeld */,
				15BD65EE280BE817008998A1 /* GoogleService-Info.plist */,
				15A71D4D280BF977008E4A19 /* FirebaseController.swift */,
				15B4D0902823B4070013D1B7 /* MulticastDelegate.swift */,
				15B4D0922823B4AA0013D1B7 /* DatabaseProtocol.swift */,
			);
			path = Firebase;
			sourceTree = "<group>";
		};
		15DD44F4280A70090048F21A = {
			isa = PBXGroup;
			children = (
				15DD44FF280A70090048F21A /* Submarine */,
				15DD44FE280A70090048F21A /* Products */,
			);
			sourceTree = "<group>";
		};
		15DD44FE280A70090048F21A /* Products */ = {
			isa = PBXGroup;
			children = (
				15DD44FD280A70090048F21A /* Submarine.app */,
			);
			name = Products;
			sourceTree = "<group>";
		};
		15DD44FF280A70090048F21A /* Submarine */ = {
			isa = PBXGroup;
			children = (
				150DE6DB282E31F5005406DE /* expensesButton.swift */,
				15B4D0962824A1CB0013D1B7 /* UIViewControllerDisplayMessage.swift */,
				151B133328276C4900335D6E /* imageView.swift */,
				15DD4511280A70100048F21A /* Info.plist */,
				15A71D4C280BF961008E4A19 /* Firebase */,
				155F95CF281D187900DC4E7E /* App and Scene Delegate */,
				155F95D0281D18A100DC4E7E /* StoryBoards */,
				15DD450C280A70100048F21A /* Assets.xcassets */,
				155F95D1281D18CF00DC4E7E /* Classes */,
				155F95D2281D18E900DC4E7E /* ViewControllers */,
			);
			path = Submarine;
			sourceTree = "<group>";
		};
/* End PBXGroup section */

/* Begin PBXNativeTarget section */
		15DD44FC280A70090048F21A /* Submarine */ = {
			isa = PBXNativeTarget;
			buildConfigurationList = 15DD4514280A70100048F21A /* Build configuration list for PBXNativeTarget "Submarine" */;
			buildPhases = (
				15DD44F9280A70090048F21A /* Sources */,
				15DD44FA280A70090048F21A /* Frameworks */,
				15DD44FB280A70090048F21A /* Resources */,
			);
			buildRules = (
			);
			dependencies = (
			);
			name = Submarine;
			packageProductDependencies = (
				15EEC665280AAF4A00C3464D /* FirebaseAuth */,
				15EEC667280AAF4B00C3464D /* FirebaseFirestore */,
				15EEC669280AAF4B00C3464D /* FirebaseFirestoreSwift */,
			);
			productName = Submarine;
			productReference = 15DD44FD280A70090048F21A /* Submarine.app */;
			productType = "com.apple.product-type.application";
		};
/* End PBXNativeTarget section */

/* Begin PBXProject section */
		15DD44F5280A70090048F21A /* Project object */ = {
			isa = PBXProject;
			attributes = {
				BuildIndependentTargetsInParallel = 1;
				LastSwiftUpdateCheck = 1330;
				LastUpgradeCheck = 1330;
				TargetAttributes = {
					15DD44FC280A70090048F21A = {
						CreatedOnToolsVersion = 13.3;
					};
				};
			};
			buildConfigurationList = 15DD44F8280A70090048F21A /* Build configuration list for PBXProject "Submarine" */;
			compatibilityVersion = "Xcode 13.0";
			developmentRegion = en;
			hasScannedForEncodings = 0;
			knownRegions = (
				en,
				Base,
			);
			mainGroup = 15DD44F4280A70090048F21A;
			packageReferences = (
				15EEC664280AAF4A00C3464D /* XCRemoteSwiftPackageReference "firebase-ios-sdk" */,
			);
			productRefGroup = 15DD44FE280A70090048F21A /* Products */;
			projectDirPath = "";
			projectRoot = "";
			targets = (
				15DD44FC280A70090048F21A /* Submarine */,
			);
		};
/* End PBXProject section */

/* Begin PBXResourcesBuildPhase section */
		15DD44FB280A70090048F21A /* Resources */ = {
			isa = PBXResourcesBuildPhase;
			buildActionMask = 2147483647;
			files = (
				15DD4510280A70100048F21A /* LaunchScreen.storyboard in Resources */,
				15BD65EF280BE818008998A1 /* GoogleService-Info.plist in Resources */,
				15DD450D280A70100048F21A /* Assets.xcassets in Resources */,
				15DD4508280A70090048F21A /* Main.storyboard in Resources */,
			);
			runOnlyForDeploymentPostprocessing = 0;
		};
/* End PBXResourcesBuildPhase section */

/* Begin PBXSourcesBuildPhase section */
		15DD44F9280A70090048F21A /* Sources */ = {
			isa = PBXSourcesBuildPhase;
			buildActionMask = 2147483647;
			files = (
				15B4D09B2824CB140013D1B7 /* DetailSubscriptionViewController.swift in Sources */,
				15A71D4E280BF977008E4A19 /* FirebaseController.swift in Sources */,
				15DD450B280A70090048F21A /* Submarine.xcdatamodeld in Sources */,
				15E2F28C280AB8EE006A4AB9 /* Subscription.swift in Sources */,
				15B4D0952824A1520013D1B7 /* AddSubscriptionViewController.swift in Sources */,
				15B4D0992824B4BE0013D1B7 /* IconAPIViewController.swift in Sources */,
				1526DE35280A820B00F21BC1 /* SubscriptionsViewController.swift in Sources */,
				151B13322825029100335D6E /* VolumeData.swift in Sources */,
				15E2F295280B9EB4006A4AB9 /* LoginViewController.swift in Sources */,
				15B4D0932823B4AA0013D1B7 /* DatabaseProtocol.swift in Sources */,
				15A71D50281B986F008E4A19 /* User.swift in Sources */,
				151B13362827759D00335D6E /* IconCollectionViewCell.swift in Sources */,
				153E6776280A763A005C5081 /* customSubscriptionTableViewCell.swift in Sources */,
				15B4D0912823B4070013D1B7 /* MulticastDelegate.swift in Sources */,
				150DE6DC282E31F5005406DE /* expensesButton.swift in Sources */,
				151B13302825022500335D6E /* IconData.swift in Sources */,
				15DD4501280A70090048F21A /* AppDelegate.swift in Sources */,
				15DD4503280A70090048F21A /* SceneDelegate.swift in Sources */,
				151B133428276C4900335D6E /* imageView.swift in Sources */,
				15B4D0972824A1CB0013D1B7 /* UIViewControllerDisplayMessage.swift in Sources */,
			);
			runOnlyForDeploymentPostprocessing = 0;
		};
/* End PBXSourcesBuildPhase section */

/* Begin PBXVariantGroup section */
		15DD4506280A70090048F21A /* Main.storyboard */ = {
			isa = PBXVariantGroup;
			children = (
				15DD4507280A70090048F21A /* Base */,
			);
			name = Main.storyboard;
			sourceTree = "<group>";
		};
		15DD450E280A70100048F21A /* LaunchScreen.storyboard */ = {
			isa = PBXVariantGroup;
			children = (
				15DD450F280A70100048F21A /* Base */,
			);
			name = LaunchScreen.storyboard;
			sourceTree = "<group>";
		};
/* End PBXVariantGroup section */

/* Begin XCBuildConfiguration section */
		15DD4512280A70100048F21A /* Debug */ = {
			isa = XCBuildConfiguration;
			buildSettings = {
				ALWAYS_SEARCH_USER_PATHS = NO;
				CLANG_ANALYZER_NONNULL = YES;
				CLANG_ANALYZER_NUMBER_OBJECT_CONVERSION = YES_AGGRESSIVE;
				CLANG_CXX_LANGUAGE_STANDARD = "gnu++17";
				CLANG_ENABLE_MODULES = YES;
				CLANG_ENABLE_OBJC_ARC = YES;
				CLANG_ENABLE_OBJC_WEAK = YES;
				CLANG_WARN_BLOCK_CAPTURE_AUTORELEASING = YES;
				CLANG_WARN_BOOL_CONVERSION = YES;
				CLANG_WARN_COMMA = YES;
				CLANG_WARN_CONSTANT_CONVERSION = YES;
				CLANG_WARN_DEPRECATED_OBJC_IMPLEMENTATIONS = YES;
				CLANG_WARN_DIRECT_OBJC_ISA_USAGE = YES_ERROR;
				CLANG_WARN_DOCUMENTATION_COMMENTS = YES;
				CLANG_WARN_EMPTY_BODY = YES;
				CLANG_WARN_ENUM_CONVERSION = YES;
				CLANG_WARN_INFINITE_RECURSION = YES;
				CLANG_WARN_INT_CONVERSION = YES;
				CLANG_WARN_NON_LITERAL_NULL_CONVERSION = YES;
				CLANG_WARN_OBJC_IMPLICIT_RETAIN_SELF = YES;
				CLANG_WARN_OBJC_LITERAL_CONVERSION = YES;
				CLANG_WARN_OBJC_ROOT_CLASS = YES_ERROR;
				CLANG_WARN_QUOTED_INCLUDE_IN_FRAMEWORK_HEADER = YES;
				CLANG_WARN_RANGE_LOOP_ANALYSIS = YES;
				CLANG_WARN_STRICT_PROTOTYPES = YES;
				CLANG_WARN_SUSPICIOUS_MOVE = YES;
				CLANG_WARN_UNGUARDED_AVAILABILITY = YES_AGGRESSIVE;
				CLANG_WARN_UNREACHABLE_CODE = YES;
				CLANG_WARN__DUPLICATE_METHOD_MATCH = YES;
				COPY_PHASE_STRIP = NO;
				DEBUG_INFORMATION_FORMAT = dwarf;
				ENABLE_STRICT_OBJC_MSGSEND = YES;
				ENABLE_TESTABILITY = YES;
				GCC_C_LANGUAGE_STANDARD = gnu11;
				GCC_DYNAMIC_NO_PIC = NO;
				GCC_NO_COMMON_BLOCKS = YES;
				GCC_OPTIMIZATION_LEVEL = 0;
				GCC_PREPROCESSOR_DEFINITIONS = (
					"DEBUG=1",
					"$(inherited)",
				);
				GCC_WARN_64_TO_32_BIT_CONVERSION = YES;
				GCC_WARN_ABOUT_RETURN_TYPE = YES_ERROR;
				GCC_WARN_UNDECLARED_SELECTOR = YES;
				GCC_WARN_UNINITIALIZED_AUTOS = YES_AGGRESSIVE;
				GCC_WARN_UNUSED_FUNCTION = YES;
				GCC_WARN_UNUSED_VARIABLE = YES;
				IPHONEOS_DEPLOYMENT_TARGET = 15.4;
				MTL_ENABLE_DEBUG_INFO = INCLUDE_SOURCE;
				MTL_FAST_MATH = YES;
				ONLY_ACTIVE_ARCH = YES;
				SDKROOT = iphoneos;
				SWIFT_ACTIVE_COMPILATION_CONDITIONS = DEBUG;
				SWIFT_OPTIMIZATION_LEVEL = "-Onone";
			};
			name = Debug;
		};
		15DD4513280A70100048F21A /* Release */ = {
			isa = XCBuildConfiguration;
			buildSettings = {
				ALWAYS_SEARCH_USER_PATHS = NO;
				CLANG_ANALYZER_NONNULL = YES;
				CLANG_ANALYZER_NUMBER_OBJECT_CONVERSION = YES_AGGRESSIVE;
				CLANG_CXX_LANGUAGE_STANDARD = "gnu++17";
				CLANG_ENABLE_MODULES = YES;
				CLANG_ENABLE_OBJC_ARC = YES;
				CLANG_ENABLE_OBJC_WEAK = YES;
				CLANG_WARN_BLOCK_CAPTURE_AUTORELEASING = YES;
				CLANG_WARN_BOOL_CONVERSION = YES;
				CLANG_WARN_COMMA = YES;
				CLANG_WARN_CONSTANT_CONVERSION = YES;
				CLANG_WARN_DEPRECATED_OBJC_IMPLEMENTATIONS = YES;
				CLANG_WARN_DIRECT_OBJC_ISA_USAGE = YES_ERROR;
				CLANG_WARN_DOCUMENTATION_COMMENTS = YES;
				CLANG_WARN_EMPTY_BODY = YES;
				CLANG_WARN_ENUM_CONVERSION = YES;
				CLANG_WARN_INFINITE_RECURSION = YES;
				CLANG_WARN_INT_CONVERSION = YES;
				CLANG_WARN_NON_LITERAL_NULL_CONVERSION = YES;
				CLANG_WARN_OBJC_IMPLICIT_RETAIN_SELF = YES;
				CLANG_WARN_OBJC_LITERAL_CONVERSION = YES;
				CLANG_WARN_OBJC_ROOT_CLASS = YES_ERROR;
				CLANG_WARN_QUOTED_INCLUDE_IN_FRAMEWORK_HEADER = YES;
				CLANG_WARN_RANGE_LOOP_ANALYSIS = YES;
				CLANG_WARN_STRICT_PROTOTYPES = YES;
				CLANG_WARN_SUSPICIOUS_MOVE = YES;
				CLANG_WARN_UNGUARDED_AVAILABILITY = YES_AGGRESSIVE;
				CLANG_WARN_UNREACHABLE_CODE = YES;
				CLANG_WARN__DUPLICATE_METHOD_MATCH = YES;
				COPY_PHASE_STRIP = NO;
				DEBUG_INFORMATION_FORMAT = "dwarf-with-dsym";
				ENABLE_NS_ASSERTIONS = NO;
				ENABLE_STRICT_OBJC_MSGSEND = YES;
				GCC_C_LANGUAGE_STANDARD = gnu11;
				GCC_NO_COMMON_BLOCKS = YES;
				GCC_WARN_64_TO_32_BIT_CONVERSION = YES;
				GCC_WARN_ABOUT_RETURN_TYPE = YES_ERROR;
				GCC_WARN_UNDECLARED_SELECTOR = YES;
				GCC_WARN_UNINITIALIZED_AUTOS = YES_AGGRESSIVE;
				GCC_WARN_UNUSED_FUNCTION = YES;
				GCC_WARN_UNUSED_VARIABLE = YES;
				IPHONEOS_DEPLOYMENT_TARGET = 15.4;
				MTL_ENABLE_DEBUG_INFO = NO;
				MTL_FAST_MATH = YES;
				SDKROOT = iphoneos;
				SWIFT_COMPILATION_MODE = wholemodule;
				SWIFT_OPTIMIZATION_LEVEL = "-O";
				VALIDATE_PRODUCT = YES;
			};
			name = Release;
		};
		15DD4515280A70100048F21A /* Debug */ = {
			isa = XCBuildConfiguration;
			buildSettings = {
				ASSETCATALOG_COMPILER_APPICON_NAME = AppIcon;
				ASSETCATALOG_COMPILER_GLOBAL_ACCENT_COLOR_NAME = AccentColor;
				CODE_SIGN_STYLE = Automatic;
				CURRENT_PROJECT_VERSION = 1;
				GENERATE_INFOPLIST_FILE = YES;
				INFOPLIST_FILE = Submarine/Info.plist;
				INFOPLIST_KEY_UIApplicationSupportsIndirectInputEvents = YES;
				INFOPLIST_KEY_UILaunchStoryboardName = LaunchScreen;
				INFOPLIST_KEY_UIMainStoryboardFile = Main;
				INFOPLIST_KEY_UISupportedInterfaceOrientations_iPad = "UIInterfaceOrientationPortrait UIInterfaceOrientationPortraitUpsideDown UIInterfaceOrientationLandscapeLeft UIInterfaceOrientationLandscapeRight";
				INFOPLIST_KEY_UISupportedInterfaceOrientations_iPhone = "UIInterfaceOrientationPortrait UIInterfaceOrientationLandscapeLeft UIInterfaceOrientationLandscapeRight";
				LD_RUNPATH_SEARCH_PATHS = (
					"$(inherited)",
					"@executable_path/Frameworks",
				);
				MARKETING_VERSION = 1.0;
				PRODUCT_BUNDLE_IDENTIFIER = bilston.Submarine;
				PRODUCT_NAME = "$(TARGET_NAME)";
				SWIFT_EMIT_LOC_STRINGS = YES;
				SWIFT_VERSION = 5.0;
				TARGETED_DEVICE_FAMILY = "1,2";
			};
			name = Debug;
		};
		15DD4516280A70100048F21A /* Release */ = {
			isa = XCBuildConfiguration;
			buildSettings = {
				ASSETCATALOG_COMPILER_APPICON_NAME = AppIcon;
				ASSETCATALOG_COMPILER_GLOBAL_ACCENT_COLOR_NAME = AccentColor;
				CODE_SIGN_STYLE = Automatic;
				CURRENT_PROJECT_VERSION = 1;
				GENERATE_INFOPLIST_FILE = YES;
				INFOPLIST_FILE = Submarine/Info.plist;
				INFOPLIST_KEY_UIApplicationSupportsIndirectInputEvents = YES;
				INFOPLIST_KEY_UILaunchStoryboardName = LaunchScreen;
				INFOPLIST_KEY_UIMainStoryboardFile = Main;
				INFOPLIST_KEY_UISupportedInterfaceOrientations_iPad = "UIInterfaceOrientationPortrait UIInterfaceOrientationPortraitUpsideDown UIInterfaceOrientationLandscapeLeft UIInterfaceOrientationLandscapeRight";
				INFOPLIST_KEY_UISupportedInterfaceOrientations_iPhone = "UIInterfaceOrientationPortrait UIInterfaceOrientationLandscapeLeft UIInterfaceOrientationLandscapeRight";
				LD_RUNPATH_SEARCH_PATHS = (
					"$(inherited)",
					"@executable_path/Frameworks",
				);
				MARKETING_VERSION = 1.0;
				PRODUCT_BUNDLE_IDENTIFIER = bilston.Submarine;
				PRODUCT_NAME = "$(TARGET_NAME)";
				SWIFT_EMIT_LOC_STRINGS = YES;
				SWIFT_VERSION = 5.0;
				TARGETED_DEVICE_FAMILY = "1,2";
			};
			name = Release;
		};
/* End XCBuildConfiguration section */

/* Begin XCConfigurationList section */
		15DD44F8280A70090048F21A /* Build configuration list for PBXProject "Submarine" */ = {
			isa = XCConfigurationList;
			buildConfigurations = (
				15DD4512280A70100048F21A /* Debug */,
				15DD4513280A70100048F21A /* Release */,
			);
			defaultConfigurationIsVisible = 0;
			defaultConfigurationName = Release;
		};
		15DD4514280A70100048F21A /* Build configuration list for PBXNativeTarget "Submarine" */ = {
			isa = XCConfigurationList;
			buildConfigurations = (
				15DD4515280A70100048F21A /* Debug */,
				15DD4516280A70100048F21A /* Release */,
			);
			defaultConfigurationIsVisible = 0;
			defaultConfigurationName = Release;
		};
/* End XCConfigurationList section */

/* Begin XCRemoteSwiftPackageReference section */
		15EEC664280AAF4A00C3464D /* XCRemoteSwiftPackageReference "firebase-ios-sdk" */ = {
			isa = XCRemoteSwiftPackageReference;
			repositoryURL = "https://github.com/firebase/firebase-ios-sdk";
			requirement = {
				branch = master;
				kind = branch;
			};
		};
/* End XCRemoteSwiftPackageReference section */

/* Begin XCSwiftPackageProductDependency section */
		15EEC665280AAF4A00C3464D /* FirebaseAuth */ = {
			isa = XCSwiftPackageProductDependency;
			package = 15EEC664280AAF4A00C3464D /* XCRemoteSwiftPackageReference "firebase-ios-sdk" */;
			productName = FirebaseAuth;
		};
		15EEC667280AAF4B00C3464D /* FirebaseFirestore */ = {
			isa = XCSwiftPackageProductDependency;
			package = 15EEC664280AAF4A00C3464D /* XCRemoteSwiftPackageReference "firebase-ios-sdk" */;
			productName = FirebaseFirestore;
		};
		15EEC669280AAF4B00C3464D /* FirebaseFirestoreSwift */ = {
			isa = XCSwiftPackageProductDependency;
			package = 15EEC664280AAF4A00C3464D /* XCRemoteSwiftPackageReference "firebase-ios-sdk" */;
			productName = FirebaseFirestoreSwift;
		};
/* End XCSwiftPackageProductDependency section */

/* Begin XCVersionGroup section */
		15DD4509280A70090048F21A /* Submarine.xcdatamodeld */ = {
			isa = XCVersionGroup;
			children = (
				15DD450A280A70090048F21A /* Submarine.xcdatamodel */,
			);
			currentVersion = 15DD450A280A70090048F21A /* Submarine.xcdatamodel */;
			path = Submarine.xcdatamodeld;
			sourceTree = "<group>";
			versionGroupType = wrapper.xcdatamodel;
		};
/* End XCVersionGroup section */
	};
	rootObject = 15DD44F5280A70090048F21A /* Project object */;
}
